
Microsoft Visual Studio Solution File, Format Version 11.00
# Visual Studio 2010
Project("{FAE04EC0-301F-11D3-BF4B-00C04F79EFBC}") = "五子棋", "五子棋\五子棋.csproj", "{3D8B6C5F-BD4A-4AA5-88EF-EE6CB6DA3E36}"
EndProject
Global
	GlobalSection(SolutionConfigurationPlatforms) = preSolution
		Debug|Any CPU = Debug|Any CPU
		Release|Any CPU = Release|Any CPU
	EndGlobalSection
	GlobalSection(ProjectConfigurationPlatforms) = postSolution
		{3D8B6C5F-BD4A-4AA5-88EF-EE6CB6DA3E36}.Debug|Any CPU.ActiveCfg = Debug|Any CPU
		{3D8B6C5F-BD4A-4AA5-88EF-EE6CB6DA3E36}.Debug|Any CPU.Build.0 = Debug|Any CPU
		{3D8B6C5F-BD4A-4AA5-88EF-EE6CB6DA3E36}.Release|Any CPU.ActiveCfg = Release|Any CPU
		{3D8B6C5F-BD4A-4AA5-88EF-EE6CB6DA3E36}.Release|Any CPU.Build.0 = Release|Any CPU
	EndGlobalSection
	GlobalSection(SolutionProperties) = preSolution
		HideSolutionNode = FALSE
	EndGlobalSection
EndGlobal
